
Microsoft Visual Studio Solution File, Format Version 12.00
# Visual Studio Version 16
VisualStudioVersion = 16.0.29519.181
MinimumVisualStudioVersion = 10.0.40219.1
Project("{9A19103F-16F7-4668-BE54-9A1E7A4F7556}") = "face-quickstart", "face-quickstart.csproj", "{00A241A2-B6E4-413E-BBA5-A959ADC99ADA}"
EndProject
Global
	GlobalSection(SolutionConfigurationPlatforms) = preSolution
		Debug|Any CPU = Debug|Any CPU
		Release|Any CPU = Release|Any CPU
	EndGlobalSection
	GlobalSection(ProjectConfigurationPlatforms) = postSolution
		{00A241A2-B6E4-413E-BBA5-A959ADC99ADA}.Debug|Any CPU.ActiveCfg = Debug|Any CPU
		{00A241A2-B6E4-413E-BBA5-A959ADC99ADA}.Debug|Any CPU.Build.0 = Debug|Any CPU
		{00A241A2-B6E4-413E-BBA5-A959ADC99ADA}.Release|Any CPU.ActiveCfg = Release|Any CPU
		{00A241A2-B6E4-413E-BBA5-A959ADC99ADA}.Release|Any CPU.Build.0 = Release|Any CPU
	EndGlobalSection
	GlobalSection(SolutionProperties) = preSolution
		HideSolutionNode = FALSE
	EndGlobalSection
	GlobalSection(ExtensibilityGlobals) = postSolution
		SolutionGuid = {038A5031-B1E3-4C76-BB16-A24BF375F024}
	EndGlobalSection
EndGlobal
